
Microsoft Visual Studio Solution File, Format Version 12.00
# Visual Studio 14
VisualStudioVersion = 14.0.25420.1
MinimumVisualStudioVersion = 10.0.40219.1
Project("{FAE04EC0-301F-11D3-BF4B-00C04F79EFBC}") = "mancala", "mancala\mancala\mancala.csproj", "{334B49D1-B4C0-4F2B-B931-028D7E28A40B}"
EndProject
Project("{96E2B04D-8817-42C6-938A-82C39BA4D311}") = "mancalaContent", "mancala\mancalaContent\mancalaContent.contentproj", "{B02010F1-D63D-494C-99DE-4237AA7B6932}"
EndProject
Global
	GlobalSection(SolutionConfigurationPlatforms) = preSolution
		Debug|x86 = Debug|x86
		Release|x86 = Release|x86
	EndGlobalSection
	GlobalSection(ProjectConfigurationPlatforms) = postSolution
		{334B49D1-B4C0-4F2B-B931-028D7E28A40B}.Debug|x86.ActiveCfg = Debug|x86
		{334B49D1-B4C0-4F2B-B931-028D7E28A40B}.Debug|x86.Build.0 = Debug|x86
		{334B49D1-B4C0-4F2B-B931-028D7E28A40B}.Release|x86.ActiveCfg = Release|x86
		{334B49D1-B4C0-4F2B-B931-028D7E28A40B}.Release|x86.Build.0 = Release|x86
		{B02010F1-D63D-494C-99DE-4237AA7B6932}.Debug|x86.ActiveCfg = Debug|x86
		{B02010F1-D63D-494C-99DE-4237AA7B6932}.Release|x86.ActiveCfg = Release|x86
	EndGlobalSection
	GlobalSection(SolutionProperties) = preSolution
		HideSolutionNode = FALSE
	EndGlobalSection
EndGlobal
